
Microsoft Visual Studio Solution File, Format Version 12.00
# Visual Studio Version 16
VisualStudioVersion = 16.0.30907.101
MinimumVisualStudioVersion = 10.0.40219.1
Project("{FAE04EC0-301F-11D3-BF4B-00C04F79EFBC}") = "Television.Entities", "Television.Entities\Television.Entities.csproj", "{9F86B2BF-AA7E-49D7-A84D-31EDDD21E033}"
EndProject
Project("{FAE04EC0-301F-11D3-BF4B-00C04F79EFBC}") = "Television.DataAccess", "Television.DataAccess\Television.DataAccess.csproj", "{A876FB1B-5AB1-4D81-AD68-87DC0801CEA6}"
EndProject
Global
	GlobalSection(SolutionConfigurationPlatforms) = preSolution
		Debug|Any CPU = Debug|Any CPU
		Release|Any CPU = Release|Any CPU
	EndGlobalSection
	GlobalSection(ProjectConfigurationPlatforms) = postSolution
		{9F86B2BF-AA7E-49D7-A84D-31EDDD21E033}.Debug|Any CPU.ActiveCfg = Debug|Any CPU
		{9F86B2BF-AA7E-49D7-A84D-31EDDD21E033}.Debug|Any CPU.Build.0 = Debug|Any CPU
		{9F86B2BF-AA7E-49D7-A84D-31EDDD21E033}.Release|Any CPU.ActiveCfg = Release|Any CPU
		{9F86B2BF-AA7E-49D7-A84D-31EDDD21E033}.Release|Any CPU.Build.0 = Release|Any CPU
		{A876FB1B-5AB1-4D81-AD68-87DC0801CEA6}.Debug|Any CPU.ActiveCfg = Debug|Any CPU
		{A876FB1B-5AB1-4D81-AD68-87DC0801CEA6}.Debug|Any CPU.Build.0 = Debug|Any CPU
		{A876FB1B-5AB1-4D81-AD68-87DC0801CEA6}.Release|Any CPU.ActiveCfg = Release|Any CPU
		{A876FB1B-5AB1-4D81-AD68-87DC0801CEA6}.Release|Any CPU.Build.0 = Release|Any CPU
	EndGlobalSection
	GlobalSection(SolutionProperties) = preSolution
		HideSolutionNode = FALSE
	EndGlobalSection
	GlobalSection(ExtensibilityGlobals) = postSolution
		SolutionGuid = {A7F4F130-5EE4-4C4B-BBCD-DA79F51C0610}
	EndGlobalSection
EndGlobal
